
Microsoft Visual Studio Solution File, Format Version 12.00
# Visual Studio Version 17
VisualStudioVersion = 17.5.002.0
MinimumVisualStudioVersion = 10.0.40219.1
Project("{9A19103F-16F7-4668-BE54-9A1E7A4F7556}") = "TiposDatosVSCode", "TiposDatosVSCode.csproj", "{BE75D282-0046-44DB-B3AC-6B28FA82F9D4}"
EndProject
Global
	GlobalSection(SolutionConfigurationPlatforms) = preSolution
		Debug|Any CPU = Debug|Any CPU
		Release|Any CPU = Release|Any CPU
	EndGlobalSection
	GlobalSection(ProjectConfigurationPlatforms) = postSolution
		{BE75D282-0046-44DB-B3AC-6B28FA82F9D4}.Debug|Any CPU.ActiveCfg = Debug|Any CPU
		{BE75D282-0046-44DB-B3AC-6B28FA82F9D4}.Debug|Any CPU.Build.0 = Debug|Any CPU
		{BE75D282-0046-44DB-B3AC-6B28FA82F9D4}.Release|Any CPU.ActiveCfg = Release|Any CPU
		{BE75D282-0046-44DB-B3AC-6B28FA82F9D4}.Release|Any CPU.Build.0 = Release|Any CPU
	EndGlobalSection
	GlobalSection(SolutionProperties) = preSolution
		HideSolutionNode = FALSE
	EndGlobalSection
	GlobalSection(ExtensibilityGlobals) = postSolution
		SolutionGuid = {54E0E261-B9C5-47A2-AF0B-5F6737D9C62A}
	EndGlobalSection
EndGlobal
